Microsoft Visual Studio Solution File, Format Version 12.00
# Visual Studio Version 17
VisualStudioVersion = 17.0.31903.59
MinimumVisualStudioVersion = 10.0.40219.1
Project("{9A19103F-16F7-4668-BE54-9A1E7A4F7556}") = "DeltaTor.Core", "src\DeltaTor.Core\DeltaTor.Core.csproj", "{1A6F3C0D-9B2E-4F5A-8C7D-2E4B6A9F0131}"
EndProject
Project("{9A19103F-16F7-4668-BE54-9A1E7A4F7556}") = "DeltaTor.App", "src\DeltaTor.App\DeltaTor.App.csproj", "{2B7E4D1E-0C3F-4A6B-9D8E-3F5C7B0A1242}"
EndProject
Project("{9A19103F-16F7-4668-BE54-9A1E7A4F7556}") = "DeltaTor.Native", "src\DeltaTor.Native\DeltaTor.Native.csproj", "{3C8F5E2F-1D40-4B7C-AE9F-4A6D8C1B2353}"
EndProject
Global
	GlobalSection(SolutionConfigurationPlatforms) = preSolution
		Debug|Any CPU = Debug|Any CPU
		Release|Any CPU = Release|Any CPU
	EndGlobalSection
	GlobalSection(ProjectConfigurationPlatforms) = postSolution
		{1A6F3C0D-9B2E-4F5A-8C7D-2E4B6A9F0131}.Debug|Any CPU.ActiveCfg = Debug|Any CPU
		{1A6F3C0D-9B2E-4F5A-8C7D-2E4B6A9F0131}.Debug|Any CPU.Build.0 = Debug|Any CPU
		{1A6F3C0D-9B2E-4F5A-8C7D-2E4B6A9F0131}.Release|Any CPU.ActiveCfg = Release|Any CPU
		{1A6F3C0D-9B2E-4F5A-8C7D-2E4B6A9F0131}.Release|Any CPU.Build.0 = Release|Any CPU
		{2B7E4D1E-0C3F-4A6B-9D8E-3F5C7B0A1242}.Debug|Any CPU.ActiveCfg = Debug|Any CPU
		{2B7E4D1E-0C3F-4A6B-9D8E-3F5C7B0A1242}.Debug|Any CPU.Build.0 = Debug|Any CPU
		{2B7E4D1E-0C3F-4A6B-9D8E-3F5C7B0A1242}.Release|Any CPU.ActiveCfg = Release|Any CPU
		{2B7E4D1E-0C3F-4A6B-9D8E-3F5C7B0A1242}.Release|Any CPU.Build.0 = Release|Any CPU
		{3C8F5E2F-1D40-4B7C-AE9F-4A6D8C1B2353}.Debug|Any CPU.ActiveCfg = Debug|Any CPU
		{3C8F5E2F-1D40-4B7C-AE9F-4A6D8C1B2353}.Debug|Any CPU.Build.0 = Debug|Any CPU
		{3C8F5E2F-1D40-4B7C-AE9F-4A6D8C1B2353}.Release|Any CPU.ActiveCfg = Release|Any CPU
		{3C8F5E2F-1D40-4B7C-AE9F-4A6D8C1B2353}.Release|Any CPU.Build.0 = Release|Any CPU
	EndGlobalSection
	GlobalSection(SolutionProperties) = preSolution
		HideSolutionNode = FALSE
	EndGlobalSection
EndGlobal
